
Microsoft Visual Studio Solution File, Format Version 12.00
# Visual Studio Version 17
VisualStudioVersion = 17.0.31912.275
MinimumVisualStudioVersion = 10.0.40219.1
Project("{9A19103F-16F7-4668-BE54-9A1E7A4F7556}") = "Schwab.Shared", "Schwab.Shared\Schwab.Shared.csproj", "{59D5F0B7-FF0C-4C88-95E7-DDC1C97199DE}"
EndProject
Project("{9A19103F-16F7-4668-BE54-9A1E7A4F7556}") = "Schwab.Server", "Schwab.Server\Schwab.Server.csproj", "{4E0D90C7-96F7-4409-AA09-D2DA2568D4C6}"
EndProject
Project("{9A19103F-16F7-4668-BE54-9A1E7A4F7556}") = "Schwab.ClientNode", "Schwab.ClientNode\Schwab.ClientNode.csproj", "{B46272CF-E655-49C3-A57B-3FA0D3325084}"
EndProject
Global
	GlobalSection(SolutionConfigurationPlatforms) = preSolution
		Debug|Any CPU = Debug|Any CPU
		Release|Any CPU = Release|Any CPU
	EndGlobalSection
	GlobalSection(ProjectConfigurationPlatforms) = postSolution
		{59D5F0B7-FF0C-4C88-95E7-DDC1C97199DE}.Debug|Any CPU.ActiveCfg = Debug|Any CPU
		{59D5F0B7-FF0C-4C88-95E7-DDC1C97199DE}.Debug|Any CPU.Build.0 = Debug|Any CPU
		{59D5F0B7-FF0C-4C88-95E7-DDC1C97199DE}.Release|Any CPU.ActiveCfg = Release|Any CPU
		{59D5F0B7-FF0C-4C88-95E7-DDC1C97199DE}.Release|Any CPU.Build.0 = Release|Any CPU
		{4E0D90C7-96F7-4409-AA09-D2DA2568D4C6}.Debug|Any CPU.ActiveCfg = Debug|Any CPU
		{4E0D90C7-96F7-4409-AA09-D2DA2568D4C6}.Debug|Any CPU.Build.0 = Debug|Any CPU
		{4E0D90C7-96F7-4409-AA09-D2DA2568D4C6}.Release|Any CPU.ActiveCfg = Release|Any CPU
		{4E0D90C7-96F7-4409-AA09-D2DA2568D4C6}.Release|Any CPU.Build.0 = Release|Any CPU
		{B46272CF-E655-49C3-A57B-3FA0D3325084}.Debug|Any CPU.ActiveCfg = Debug|Any CPU
		{B46272CF-E655-49C3-A57B-3FA0D3325084}.Debug|Any CPU.Build.0 = Debug|Any CPU
		{B46272CF-E655-49C3-A57B-3FA0D3325084}.Release|Any CPU.ActiveCfg = Release|Any CPU
		{B46272CF-E655-49C3-A57B-3FA0D3325084}.Release|Any CPU.Build.0 = Release|Any CPU
	EndGlobalSection
	GlobalSection(SolutionProperties) = preSolution
		HideSolutionNode = FALSE
	EndGlobalSection
	GlobalSection(ExtensibilityGlobals) = postSolution
		SolutionGuid = {E3E9C051-14F2-47C8-8BD4-7488C0723F93}
	EndGlobalSection
EndGlobal
